github.com/go-go-go-go-go/baby-naming v1.0.1 h1:edm7pQuCkbpP4bxVm2N5MW8fXvbU7U/93zjwVWUIX8M=
github.com/go-go-go-go-go/baby-naming v1.0.1/go.mod h1:vATzGK7kjhhqgxp3Amo4zyAtyMMi0p+80EEIIu9kUrA=
github.com/go-go-go-go-go/baby-naming/v2 v2.0.1 h1:bjPs4KYe6UQWSi+kWWwHSLFjeXnpGAdiBzfT22sJBb4=
github.com/go-go-go-go-go/baby-naming/v2 v2.0.1/go.mod h1:IpYKz51t9Zp0R6uWJ+w6kewnLj6/zPzD862xPw7pbZE=
github.com/go-go-go-go-go/baby-naming/v3 v3.0.1 h1:wwmT8dkvRHzOOlJM1tIF4UdzKjfceLK4wEFDqyLk5Zg=
github.com/go-go-go-go-go/baby-naming/v3 v3.0.1/go.mod h1:qts/iok/ywSpTWq9AuU8LsGtsJ9fiJPGc46m8nTME2U=
